
Microsoft Visual Studio Solution File, Format Version 12.00
# Visual Studio Version 17
VisualStudioVersion = 17.14.36414.22
MinimumVisualStudioVersion = 10.0.40219.1
Project("{FAE04EC0-301F-11D3-BF4B-00C04F79EFBC}") = "Kapal", "Kapal\Kapal.csproj", "{3EF303CB-3618-4BF1-A010-8BC837205EA1}"
EndProject
Global
	GlobalSection(SolutionConfigurationPlatforms) = preSolution
		Debug|Any CPU = Debug|Any CPU
		Release|Any CPU = Release|Any CPU
	EndGlobalSection
	GlobalSection(ProjectConfigurationPlatforms) = postSolution
		{3EF303CB-3618-4BF1-A010-8BC837205EA1}.Debug|Any CPU.ActiveCfg = Debug|Any CPU
		{3EF303CB-3618-4BF1-A010-8BC837205EA1}.Debug|Any CPU.Build.0 = Debug|Any CPU
		{3EF303CB-3618-4BF1-A010-8BC837205EA1}.Release|Any CPU.ActiveCfg = Release|Any CPU
		{3EF303CB-3618-4BF1-A010-8BC837205EA1}.Release|Any CPU.Build.0 = Release|Any CPU
	EndGlobalSection
	GlobalSection(SolutionProperties) = preSolution
		HideSolutionNode = FALSE
	EndGlobalSection
	GlobalSection(ExtensibilityGlobals) = postSolution
		SolutionGuid = {1B16B30A-12E9-4BE4-A304-8EFCD0141613}
	EndGlobalSection
EndGlobal
